version = 1
revision = 1
requires-python = ">=3.8"
resolution-markers = [
    "python_full_version >= '3.11'",
    "python_full_version == '3.10.*'",
    "python_full_version == '3.9.*'",
    "python_full_version < '3.9'",
]

[[package]]
name = "anywidget"
version = "0.9.18"
source = { registry = "https://pypi.org/simple" }
dependencies = [
    { name = "ipywidgets" },
    { name = "psygnal", version = "0.11.1", source = { registry = "https://pypi.org/simple" }, marker = "python_full_version < '3.9'" },
    { name = "psygnal", version = "0.13.0", source = { registry = "https://pypi.org/simple" }, marker = "python_full_version >= '3.9'" },
    { name = "typing-extensions", version = "4.13.2", source = { registry = "https://pypi.org/simple" }, marker = "python_full_version < '3.9'" },
    { name = "typing-extensions", version = "4.14.0", source = { registry = "https://pypi.org/simple" }, marker = "python_full_version >= '3.9'" },
]
sdist = { url = "https://files.pythonhosted.org/packages/ed/69/20423d6abd2a57d767d20a9dcf3f816bd4cbbe4813ac7c7158ba16e44c3f/anywidget-0.9.18.tar.gz", hash = "sha256:262cf459b517a7d044d6fbc84b953e9c83f026790b2dd3ce90f21a7f8eded00f", size = 9808509 }
wheels = [
    { url = "https://files.pythonhosted.org/packages/2b/f0/09a30ca0551af20c7cefa7464b7ccb6f5407a550b83c4dcb15c410814849/anywidget-0.9.18-py3-none-any.whl", hash = "sha256:944b82ef1dd17b8ff0fb6d1f199f613caf9111338e6e2857da478f6e73770cb8", size = 220671 },
]

[[package]]
name = "appnope"
version = "0.1.4"
source = { registry = "https://pypi.org/simple" }
sdist = { url = "https://files.pythonhosted.org/packages/35/5d/752690df9ef5b76e169e68d6a129fa6d08a7100ca7f754c89495db3c6019/appnope-0.1.4.tar.gz", hash = "sha256:1de3860566df9caf38f01f86f65e0e13e379af54f9e4bee1e66b48f2efffd1ee", size = 4170 }
wheels = [
    { url = "https://files.pythonhosted.org/packages/81/29/5ecc3a15d5a33e31b26c11426c45c501e439cb865d0bff96315d86443b78/appnope-0.1.4-py2.py3-none-any.whl", hash = "sha256:502575ee11cd7a28c0205f379b525beefebab9d161b7c964670864014ed7213c", size = 4321 },
]

[[package]]
name = "asttokens"
version = "3.0.0"
source = { registry = "https://pypi.org/simple" }
sdist = { url = "https://files.pythonhosted.org/packages/4a/e7/82da0a03e7ba5141f05cce0d302e6eed121ae055e0456ca228bf693984bc/asttokens-3.0.0.tar.gz", hash = "sha256:0dcd8baa8d62b0c1d118b399b2ddba3c4aff271d0d7a9e0d4c1681c79035bbc7", size = 61978 }
wheels = [
    { url = "https://files.pythonhosted.org/packages/25/8a/c46dcc25341b5bce5472c718902eb3d38600a903b14fa6aeecef3f21a46f/asttokens-3.0.0-py3-none-any.whl", hash = "sha256:e3078351a059199dd5138cb1c706e6430c05eff2ff136af5eb4790f9d28932e2", size = 26918 },
]

[[package]]
name = "backcall"
version = "0.2.0"
source = { registry = "https://pypi.org/simple" }
sdist = { url = "https://files.pythonhosted.org/packages/a2/40/764a663805d84deee23043e1426a9175567db89c8b3287b5c2ad9f71aa93/backcall-0.2.0.tar.gz", hash = "sha256:5cbdbf27be5e7cfadb448baf0aa95508f91f2bbc6c6437cd9cd06e2a4c215e1e", size = 18041 }
wheels = [
    { url = "https://files.pythonhosted.org/packages/4c/1c/ff6546b6c12603d8dd1070aa3c3d273ad4c07f5771689a7b69a550e8c951/backcall-0.2.0-py2.py3-none-any.whl", hash = "sha256:fbbce6a29f263178a1f7915c1940bde0ec2b2a967566fe1c65c1dfb7422bd255", size = 11157 },
]

[[package]]
name = "colorama"
version = "0.4.6"
source = { registry = "https://pypi.org/simple" }
sdist = { url = "https://files.pythonhosted.org/packages/d8/53/6f443c9a4a8358a93a6792e2acffb9d9d5cb0a5cfd8802644b7b1c9a02e4/colorama-0.4.6.tar.gz", hash = "sha256:08695f5cb7ed6e0531a20572697297273c47b8cae5a63ffc6d6ed5c201be6e44", size = 27697 }
wheels = [
    { url = "https://files.pythonhosted.org/packages/d1/d6/3965ed04c63042e047cb6a3e6ed1a63a35087b6a609aa3a15ed8ac56c221/colorama-0.4.6-py2.py3-none-any.whl", hash = "sha256:4f1d9991f5acc0ca119f9d443620b77f9d6b33703e51011c16baf57afb285fc6", size = 25335 },
]

[[package]]
name = "comm"
version = "0.2.2"
source = { registry = "https://pypi.org/simple" }
dependencies = [
    { name = "traitlets" },
]
sdist = { url = "https://files.pythonhosted.org/packages/e9/a8/fb783cb0abe2b5fded9f55e5703015cdf1c9c85b3669087c538dd15a6a86/comm-0.2.2.tar.gz", hash = "sha256:3fd7a84065306e07bea1773df6eb8282de51ba82f77c72f9c85716ab11fe980e", size = 6210 }
wheels = [
    { url = "https://files.pythonhosted.org/packages/e6/75/49e5bfe642f71f272236b5b2d2691cf915a7283cc0ceda56357b61daa538/comm-0.2.2-py3-none-any.whl", hash = "sha256:e6fb86cb70ff661ee8c9c14e7d36d6de3b4066f1441be4063df9c5009f0a64d3", size = 7180 },
]

[[package]]
name = "decorator"
version = "5.2.1"
source = { registry = "https://pypi.org/simple" }
sdist = { url = "https://files.pythonhosted.org/packages/43/fa/6d96a0978d19e17b68d634497769987b16c8f4cd0a7a05048bec693caa6b/decorator-5.2.1.tar.gz", hash = "sha256:65f266143752f734b0a7cc83c46f4618af75b8c5911b00ccb61d0ac9b6da0360", size = 56711 }
wheels = [
    { url = "https://files.pythonhosted.org/packages/4e/8c/f3147f5c4b73e7550fe5f9352eaa956ae838d5c51eb58e7a25b9f3e2643b/decorator-5.2.1-py3-none-any.whl", hash = "sha256:d316bb415a2d9e2d2b3abcc4084c6502fc09240e292cd76a76afc106a1c8e04a", size = 9190 },
]

[[package]]
name = "exceptiongroup"
version = "1.3.0"
source = { registry = "https://pypi.org/simple" }
dependencies = [
    { name = "typing-extensions", version = "4.14.0", source = { registry = "https://pypi.org/simple" }, marker = "python_full_version >= '3.9' and python_full_version < '3.11'" },
]
sdist = { url = "https://files.pythonhosted.org/packages/0b/9f/a65090624ecf468cdca03533906e7c69ed7588582240cfe7cc9e770b50eb/exceptiongroup-1.3.0.tar.gz", hash = "sha256:b241f5885f560bc56a59ee63ca4c6a8bfa46ae4ad651af316d4e81817bb9fd88", size = 29749 }
wheels = [
    { url = "https://files.pythonhosted.org/packages/36/f4/c6e662dade71f56cd2f3735141b265c3c79293c109549c1e6933b0651ffc/exceptiongroup-1.3.0-py3-none-any.whl", hash = "sha256:4d111e6e0c13d0644cad6ddaa7ed0261a0b36971f6d23e7ec9b4b9097da78a10", size = 16674 },
]

[[package]]
name = "executing"
version = "2.2.0"
source = { registry = "https://pypi.org/simple" }
sdist = { url = "https://files.pythonhosted.org/packages/91/50/a9d80c47ff289c611ff12e63f7c5d13942c65d68125160cefd768c73e6e4/executing-2.2.0.tar.gz", hash = "sha256:5d108c028108fe2551d1a7b2e8b713341e2cb4fc0aa7dcf966fa4327a5226755", size = 978693 }
wheels = [
    { url = "https://files.pythonhosted.org/packages/7b/8f/c4d9bafc34ad7ad5d8dc16dd1347ee0e507a52c3adb6bfa8887e1c6a26ba/executing-2.2.0-py2.py3-none-any.whl", hash = "sha256:11387150cad388d62750327a53d3339fad4888b39a6fe233c3afbb54ecffd3aa", size = 26702 },
]

[[package]]
name = "ipython"
version = "8.12.3"
source = { registry = "https://pypi.org/simple" }
resolution-markers = [
    "python_full_version < '3.9'",
]
dependencies = [
    { name = "appnope", marker = "python_full_version < '3.9' and sys_platform == 'darwin'" },
    { name = "backcall", marker = "python_full_version < '3.9'" },
    { name = "colorama", marker = "python_full_version < '3.9' and sys_platform == 'win32'" },
    { name = "decorator", marker = "python_full_version < '3.9'" },
    { name = "jedi", marker = "python_full_version < '3.9'" },
    { name = "matplotlib-inline", marker = "python_full_version < '3.9'" },
    { name = "pexpect", marker = "python_full_version < '3.9' and sys_platform != 'win32'" },
    { name = "pickleshare", marker = "python_full_version < '3.9'" },
    { name = "prompt-toolkit", marker = "python_full_version < '3.9'" },
    { name = "pygments", marker = "python_full_version < '3.9'" },
    { name = "stack-data", marker = "python_full_version < '3.9'" },
    { name = "traitlets", marker = "python_full_version < '3.9'" },
    { name = "typing-extensions", version = "4.13.2", source = { registry = "https://pypi.org/simple" }, marker = "python_full_version < '3.9'" },
]
sdist = { url = "https://files.pythonhosted.org/packages/9e/6a/44ef299b1762f5a73841e87fae8a73a8cc8aee538d6dc8c77a5afe1fd2ce/ipython-8.12.3.tar.gz", hash = "sha256:3910c4b54543c2ad73d06579aa771041b7d5707b033bd488669b4cf544e3b363", size = 5470171 }
wheels = [
    { url = "https://files.pythonhosted.org/packages/8d/97/8fe103906cd81bc42d3b0175b5534a9f67dccae47d6451131cf8d0d70bb2/ipython-8.12.3-py3-none-any.whl", hash = "sha256:b0340d46a933d27c657b211a329d0be23793c36595acf9e6ef4164bc01a1804c", size = 798307 },
]

[[package]]
name = "ipython"
version = "8.18.1"
source = { registry = "https://pypi.org/simple" }
resolution-markers = [
    "python_full_version == '3.9.*'",
]
dependencies = [
    { name = "colorama", marker = "python_full_version == '3.9.*' and sys_platform == 'win32'" },
    { name = "decorator", marker = "python_full_version == '3.9.*'" },
    { name = "exceptiongroup", marker = "python_full_version == '3.9.*'" },
    { name = "jedi", marker = "python_full_version == '3.9.*'" },
    { name = "matplotlib-inline", marker = "python_full_version == '3.9.*'" },
    { name = "pexpect", marker = "python_full_version == '3.9.*' and sys_platform != 'win32'" },
    { name = "prompt-toolkit", marker = "python_full_version == '3.9.*'" },
    { name = "pygments", marker = "python_full_version == '3.9.*'" },
    { name = "stack-data", marker = "python_full_version == '3.9.*'" },
    { name = "traitlets", marker = "python_full_version == '3.9.*'" },
    { name = "typing-extensions", version = "4.14.0", source = { registry = "https://pypi.org/simple" }, marker = "python_full_version == '3.9.*'" },
]
sdist = { url = "https://files.pythonhosted.org/packages/b1/b9/3ba6c45a6df813c09a48bac313c22ff83efa26cbb55011218d925a46e2ad/ipython-8.18.1.tar.gz", hash = "sha256:ca6f079bb33457c66e233e4580ebfc4128855b4cf6370dddd73842a9563e8a27", size = 5486330 }
wheels = [
    { url = "https://files.pythonhosted.org/packages/47/6b/d9fdcdef2eb6a23f391251fde8781c38d42acd82abe84d054cb74f7863b0/ipython-8.18.1-py3-none-any.whl", hash = "sha256:e8267419d72d81955ec1177f8a29aaa90ac80ad647499201119e2f05e99aa397", size = 808161 },
]

[[package]]
name = "ipython"
version = "8.37.0"
source = { registry = "https://pypi.org/simple" }
resolution-markers = [
    "python_full_version == '3.10.*'",
]
dependencies = [
    { name = "colorama", marker = "python_full_version == '3.10.*' and sys_platform == 'win32'" },
    { name = "decorator", marker = "python_full_version == '3.10.*'" },
    { name = "exceptiongroup", marker = "python_full_version == '3.10.*'" },
    { name = "jedi", marker = "python_full_version == '3.10.*'" },
    { name = "matplotlib-inline", marker = "python_full_version == '3.10.*'" },
    { name = "pexpect", marker = "python_full_version == '3.10.*' and sys_platform != 'emscripten' and sys_platform != 'win32'" },
    { name = "prompt-toolkit", marker = "python_full_version == '3.10.*'" },
    { name = "pygments", marker = "python_full_version == '3.10.*'" },
    { name = "stack-data", marker = "python_full_version == '3.10.*'" },
    { name = "traitlets", marker = "python_full_version == '3.10.*'" },
    { name = "typing-extensions", version = "4.14.0", source = { registry = "https://pypi.org/simple" }, marker = "python_full_version == '3.10.*'" },
]
sdist = { url = "https://files.pythonhosted.org/packages/85/31/10ac88f3357fc276dc8a64e8880c82e80e7459326ae1d0a211b40abf6665/ipython-8.37.0.tar.gz", hash = "sha256:ca815841e1a41a1e6b73a0b08f3038af9b2252564d01fc405356d34033012216", size = 5606088 }
wheels = [
    { url = "https://files.pythonhosted.org/packages/91/d0/274fbf7b0b12643cbbc001ce13e6a5b1607ac4929d1b11c72460152c9fc3/ipython-8.37.0-py3-none-any.whl", hash = "sha256:ed87326596b878932dbcb171e3e698845434d8c61b8d8cd474bf663041a9dcf2", size = 831864 },
]

[[package]]
name = "ipython"
version = "9.3.0"
source = { registry = "https://pypi.org/simple" }
resolution-markers = [
    "python_full_version >= '3.11'",
]
dependencies = [
    { name = "colorama", marker = "python_full_version >= '3.11' and sys_platform == 'win32'" },
    { name = "decorator", marker = "python_full_version >= '3.11'" },
    { name = "ipython-pygments-lexers", marker = "python_full_version >= '3.11'" },
    { name = "jedi", marker = "python_full_version >= '3.11'" },
    { name = "matplotlib-inline", marker = "python_full_version >= '3.11'" },
    { name = "pexpect", marker = "python_full_version >= '3.11' and sys_platform != 'emscripten' and sys_platform != 'win32'" },
    { name = "prompt-toolkit", marker = "python_full_version >= '3.11'" },
    { name = "pygments", marker = "python_full_version >= '3.11'" },
    { name = "stack-data", marker = "python_full_version >= '3.11'" },
    { name = "traitlets", marker = "python_full_version >= '3.11'" },
    { name = "typing-extensions", version = "4.14.0", source = { registry = "https://pypi.org/simple" }, marker = "python_full_version == '3.11.*'" },
]
sdist = { url = "https://files.pythonhosted.org/packages/dc/09/4c7e06b96fbd203e06567b60fb41b06db606b6a82db6db7b2c85bb72a15c/ipython-9.3.0.tar.gz", hash = "sha256:79eb896f9f23f50ad16c3bc205f686f6e030ad246cc309c6279a242b14afe9d8", size = 4426460 }
wheels = [
    { url = "https://files.pythonhosted.org/packages/3c/99/9ed3d52d00f1846679e3aa12e2326ac7044b5e7f90dc822b60115fa533ca/ipython-9.3.0-py3-none-any.whl", hash = "sha256:1a0b6dd9221a1f5dddf725b57ac0cb6fddc7b5f470576231ae9162b9b3455a04", size = 605320 },
]

[[package]]
name = "ipython-pygments-lexers"
version = "1.1.1"
source = { registry = "https://pypi.org/simple" }
dependencies = [
    { name = "pygments", marker = "python_full_version >= '3.11'" },
]
sdist = { url = "https://files.pythonhosted.org/packages/ef/4c/5dd1d8af08107f88c7f741ead7a40854b8ac24ddf9ae850afbcf698aa552/ipython_pygments_lexers-1.1.1.tar.gz", hash = "sha256:09c0138009e56b6854f9535736f4171d855c8c08a563a0dcd8022f78355c7e81", size = 8393 }
wheels = [
    { url = "https://files.pythonhosted.org/packages/d9/33/1f075bf72b0b747cb3288d011319aaf64083cf2efef8354174e3ed4540e2/ipython_pygments_lexers-1.1.1-py3-none-any.whl", hash = "sha256:a9462224a505ade19a605f71f8fa63c2048833ce50abc86768a0d81d876dc81c", size = 8074 },
]

[[package]]
name = "ipywidgets"
version = "8.1.7"
source = { registry = "https://pypi.org/simple" }
dependencies = [
    { name = "comm" },
    { name = "ipython", version = "8.12.3", source = { registry = "https://pypi.org/simple" }, marker = "python_full_version < '3.9'" },
    { name = "ipython", version = "8.18.1", source = { registry = "https://pypi.org/simple" }, marker = "python_full_version == '3.9.*'" },
    { name = "ipython", version = "8.37.0", source = { registry = "https://pypi.org/simple" }, marker = "python_full_version == '3.10.*'" },
    { name = "ipython", version = "9.3.0", source = { registry = "https://pypi.org/simple" }, marker = "python_full_version >= '3.11'" },
    { name = "jupyterlab-widgets" },
    { name = "traitlets" },
    { name = "widgetsnbextension" },
]
sdist = { url = "https://files.pythonhosted.org/packages/3e/48/d3dbac45c2814cb73812f98dd6b38bbcc957a4e7bb31d6ea9c03bf94ed87/ipywidgets-8.1.7.tar.gz", hash = "sha256:15f1ac050b9ccbefd45dccfbb2ef6bed0029d8278682d569d71b8dd96bee0376", size = 116721 }
wheels = [
    { url = "https://files.pythonhosted.org/packages/58/6a/9166369a2f092bd286d24e6307de555d63616e8ddb373ebad2b5635ca4cd/ipywidgets-8.1.7-py3-none-any.whl", hash = "sha256:764f2602d25471c213919b8a1997df04bef869251db4ca8efba1b76b1bd9f7bb", size = 139806 },
]

[[package]]
name = "jedi"
version = "0.19.2"
source = { registry = "https://pypi.org/simple" }
dependencies = [
    { name = "parso" },
]
sdist = { url = "https://files.pythonhosted.org/packages/72/3a/79a912fbd4d8dd6fbb02bf69afd3bb72cf0c729bb3063c6f4498603db17a/jedi-0.19.2.tar.gz", hash = "sha256:4770dc3de41bde3966b02eb84fbcf557fb33cce26ad23da12c742fb50ecb11f0", size = 1231287 }
wheels = [
    { url = "https://files.pythonhosted.org/packages/c0/5a/9cac0c82afec3d09ccd97c8b6502d48f165f9124db81b4bcb90b4af974ee/jedi-0.19.2-py2.py3-none-any.whl", hash = "sha256:a8ef22bde8490f57fe5c7681a3c83cb58874daf72b4784de3cce5b6ef6edb5b9", size = 1572278 },
]

[[package]]
name = "jupyterlab-widgets"
version = "3.0.15"
source = { registry = "https://pypi.org/simple" }
sdist = { url = "https://files.pythonhosted.org/packages/b9/7d/160595ca88ee87ac6ba95d82177d29ec60aaa63821d3077babb22ce031a5/jupyterlab_widgets-3.0.15.tar.gz", hash = "sha256:2920888a0c2922351a9202817957a68c07d99673504d6cd37345299e971bb08b", size = 213149 }
wheels = [
    { url = "https://files.pythonhosted.org/packages/43/6a/ca128561b22b60bd5a0c4ea26649e68c8556b82bc70a0c396eebc977fe86/jupyterlab_widgets-3.0.15-py3-none-any.whl", hash = "sha256:d59023d7d7ef71400d51e6fee9a88867f6e65e10a4201605d2d7f3e8f012a31c", size = 216571 },
]

[[package]]
name = "matplotlib-inline"
version = "0.1.7"
source = { registry = "https://pypi.org/simple" }
dependencies = [
    { name = "traitlets" },
]
sdist = { url = "https://files.pythonhosted.org/packages/99/5b/a36a337438a14116b16480db471ad061c36c3694df7c2084a0da7ba538b7/matplotlib_inline-0.1.7.tar.gz", hash = "sha256:8423b23ec666be3d16e16b60bdd8ac4e86e840ebd1dd11a30b9f117f2fa0ab90", size = 8159 }
wheels = [
    { url = "https://files.pythonhosted.org/packages/8f/8e/9ad090d3553c280a8060fbf6e24dc1c0c29704ee7d1c372f0c174aa59285/matplotlib_inline-0.1.7-py3-none-any.whl", hash = "sha256:df192d39a4ff8f21b1895d72e6a13f5fcc5099f00fa84384e0ea28c2cc0653ca", size = 9899 },
]

[[package]]
name = "motalk"
version = "0.1.0"
source = { editable = "." }
dependencies = [
    { name = "anywidget" },
    { name = "traitlets" },
]

[package.metadata]
requires-dist = [
    { name = "anywidget", specifier = ">=0.9.0" },
    { name = "importlib-metadata", marker = "python_full_version < '3.8'", specifier = ">=1.0" },
    { name = "traitlets", specifier = ">=5.0" },
]

[[package]]
name = "parso"
version = "0.8.4"
source = { registry = "https://pypi.org/simple" }
sdist = { url = "https://files.pythonhosted.org/packages/66/94/68e2e17afaa9169cf6412ab0f28623903be73d1b32e208d9e8e541bb086d/parso-0.8.4.tar.gz", hash = "sha256:eb3a7b58240fb99099a345571deecc0f9540ea5f4dd2fe14c2a99d6b281ab92d", size = 400609 }
wheels = [
    { url = "https://files.pythonhosted.org/packages/c6/ac/dac4a63f978e4dcb3c6d3a78c4d8e0192a113d288502a1216950c41b1027/parso-0.8.4-py2.py3-none-any.whl", hash = "sha256:a418670a20291dacd2dddc80c377c5c3791378ee1e8d12bffc35420643d43f18", size = 103650 },
]

[[package]]
name = "pexpect"
version = "4.9.0"
source = { registry = "https://pypi.org/simple" }
dependencies = [
    { name = "ptyprocess" },
]
sdist = { url = "https://files.pythonhosted.org/packages/42/92/cc564bf6381ff43ce1f4d06852fc19a2f11d180f23dc32d9588bee2f149d/pexpect-4.9.0.tar.gz", hash = "sha256:ee7d41123f3c9911050ea2c2dac107568dc43b2d3b0c7557a33212c398ead30f", size = 166450 }
wheels = [
    { url = "https://files.pythonhosted.org/packages/9e/c3/059298687310d527a58bb01f3b1965787ee3b40dce76752eda8b44e9a2c5/pexpect-4.9.0-py2.py3-none-any.whl", hash = "sha256:7236d1e080e4936be2dc3e326cec0af72acf9212a7e1d060210e70a47e253523", size = 63772 },
]

[[package]]
name = "pickleshare"
version = "0.7.5"
source = { registry = "https://pypi.org/simple" }
sdist = { url = "https://files.pythonhosted.org/packages/d8/b6/df3c1c9b616e9c0edbc4fbab6ddd09df9535849c64ba51fcb6531c32d4d8/pickleshare-0.7.5.tar.gz", hash = "sha256:87683d47965c1da65cdacaf31c8441d12b8044cdec9aca500cd78fc2c683afca", size = 6161 }
wheels = [
    { url = "https://files.pythonhosted.org/packages/9a/41/220f49aaea88bc6fa6cba8d05ecf24676326156c23b991e80b3f2fc24c77/pickleshare-0.7.5-py2.py3-none-any.whl", hash = "sha256:9649af414d74d4df115d5d718f82acb59c9d418196b7b4290ed47a12ce62df56", size = 6877 },
]

[[package]]
name = "prompt-toolkit"
version = "3.0.51"
source = { registry = "https://pypi.org/simple" }
dependencies = [
    { name = "wcwidth" },
]
sdist = { url = "https://files.pythonhosted.org/packages/bb/6e/9d084c929dfe9e3bfe0c6a47e31f78a25c54627d64a66e884a8bf5474f1c/prompt_toolkit-3.0.51.tar.gz", hash = "sha256:931a162e3b27fc90c86f1b48bb1fb2c528c2761475e57c9c06de13311c7b54ed", size = 428940 }
wheels = [
    { url = "https://files.pythonhosted.org/packages/ce/4f/5249960887b1fbe561d9ff265496d170b55a735b76724f10ef19f9e40716/prompt_toolkit-3.0.51-py3-none-any.whl", hash = "sha256:52742911fde84e2d423e2f9a4cf1de7d7ac4e51958f648d9540e0fb8db077b07", size = 387810 },
]

[[package]]
name = "psygnal"
version = "0.11.1"
source = { registry = "https://pypi.org/simple" }
resolution-markers = [
    "python_full_version < '3.9'",
]
sdist = { url = "https://files.pythonhosted.org/packages/bc/b0/194cfbcb76dbf9c4a1c4271ccc825b38406d20fb7f95fd18320c28708800/psygnal-0.11.1.tar.gz", hash = "sha256:f9b02ca246ab0adb108c4010b4a486e464f940543201074591e50370cd7b0cc0", size = 102103 }
wheels = [
    { url = "https://files.pythonhosted.org/packages/92/bf/2dee9491518402489909c0613004d3a0f79672f27ce16aae774c5addc506/psygnal-0.11.1-cp310-cp310-macosx_10_16_arm64.whl", hash = "sha256:8d9187700fc608abefeb287bf2e0980a26c62471921ffd1a3cd223ccc554181b", size = 433484 },
    { url = "https://files.pythonhosted.org/packages/66/0a/52b7e40f4c7ec82c9809c62e568ee9c117dd911d3f6f562ac3007a4ad969/psygnal-0.11.1-cp310-cp310-macosx_10_16_x86_64.whl", hash = "sha256:cec87aee468a1fe564094a64bc3c30edc86ce34d7bb37ab69332c7825b873396", size = 462250 },
    { url = "https://files.pythonhosted.org/packages/c3/3f/ae610fd14cdbae8735344abfc7f67c76ff8bcf18e0e3c5f26a1ca590014e/psygnal-0.11.1-cp310-cp310-manylinux_2_17_x86_64.manylinux2014_x86_64.whl", hash = "sha256:7676e89225abc2f37ca7022c300ffd26fefaf21bdc894bc7c41dffbad5e969df", size = 727435 },
    { url = "https://files.pythonhosted.org/packages/a5/93/8d91aef01261123640406d132add52973e16d74b6c6e63b6fb54cc261f1e/psygnal-0.11.1-cp310-cp310-musllinux_1_1_x86_64.whl", hash = "sha256:c392f638aac2cdc4f13fffb904455224ae9b4dbb2f26d7f3264e4208fee5334d", size = 706104 },
    { url = "https://files.pythonhosted.org/packages/a6/a8/ed06fe70c8bd03f02ab0c1df020f53f079a6dbae056eba0a91823c0d1242/psygnal-0.11.1-cp311-cp311-macosx_10_16_arm64.whl", hash = "sha256:3c04baec10f882cdf784a7312e23892416188417ad85607e6d1de2e8a9e70709", size = 427499 },
    { url = "https://files.pythonhosted.org/packages/25/92/6dcab17c3bb91fa3f250ebdbb66de55332436da836c4c547c26e3942877e/psygnal-0.11.1-cp311-cp311-macosx_10_16_x86_64.whl", hash = "sha256:8f77317cbd11fbed5bfdd40ea41b4e551ee0cf37881cdbc325b67322af577485", size = 453373 },
    { url = "https://files.pythonhosted.org/packages/84/6f/868f1d7d22c76b96e0c8a75f8eb196deaff83916ad2da7bd78d1d0f6a5df/psygnal-0.11.1-cp311-cp311-manylinux_2_17_x86_64.manylinux2014_x86_64.whl", hash = "sha256:24e69ea57ee39e3677298f38a18828af87cdc0bf0aa64685d44259e608bae3ec", size = 717571 },
    { url = "https://files.pythonhosted.org/packages/da/7d/24ca61d177b26e6ab89e9c520dca9c6341083920ab0ea8ac763a31b2b029/psygnal-0.11.1-cp311-cp311-musllinux_1_1_x86_64.whl", hash = "sha256:d77f1a71fe9859c0335c87d92afe1b17c520a4137326810e94351839342d8fc7", size = 695336 },
    { url = "https://files.pythonhosted.org/packages/33/5d/9b2d8f91a9198dda6ad0eaa276f975207b1314ac2d22a2f905f0a6e34524/psygnal-0.11.1-cp312-cp312-macosx_10_16_arm64.whl", hash = "sha256:0b55cb42e468f3a7de75392520778604fef2bc518b7df36c639b35ce4ed92016", size = 425244 },
    { url = "https://files.pythonhosted.org/packages/c4/66/e1bd57a8efef6582141939876d014f86792adbbb8853bd475a1cbf3649ca/psygnal-0.11.1-cp312-cp312-macosx_10_16_x86_64.whl", hash = "sha256:c7dd3cf809c9c1127d90c6b11fbbd1eb2d66d512ccd4d5cab048786f13d11220", size = 444681 },
    { url = "https://files.pythonhosted.org/packages/49/ad/8ee3f8ac1d59cf269ae2d55f7cac7c65fe3b3f41cada5d6a17bc2f4c5d6d/psygnal-0.11.1-cp312-cp312-manylinux_2_17_x86_64.manylinux2014_x86_64.whl", hash = "sha256:885922a6e65ece9ff8ccf2b6810f435ca8067f410889f7a8fffb6b0d61421a0d", size = 743785 },
    { url = "https://files.pythonhosted.org/packages/14/54/b29b854dff0e27bdaf42a7c1edc65f6d3ea35866e9d9250f1dbabf6381a0/psygnal-0.11.1-cp312-cp312-musllinux_1_1_x86_64.whl", hash = "sha256:1c2388360a9ffcd1381e9b36d0f794287a270d58e69bf17658a194bbf86685c1", size = 725134 },
    { url = "https://files.pythonhosted.org/packages/a0/14/4c3f4b9c5e723b7afd741dc529fa350d2afb584ec0ef8eda7f70436d3831/psygnal-0.11.1-cp38-cp38-macosx_10_16_arm64.whl", hash = "sha256:2deec4bf7adbb9e3ef0513ae8b9e98bb815eb62b76a7bf1986f1d6ed626c8784", size = 428550 },
    { url = "https://files.pythonhosted.org/packages/33/a7/fdfa16c98b45b5823c383bc1fe5e038af01392331aa1a4e8f3a976633cc9/psygnal-0.11.1-cp38-cp38-macosx_10_16_x86_64.whl", hash = "sha256:36cd667dd1d3e70e3fd970463a8571436e5ae58f02cc05a4a1669e6d8550d263", size = 453281 },
    { url = "https://files.pythonhosted.org/packages/4f/b4/7c94454dd1a9d9b5980d9b8053b054c1f246a3adf433fbde691974e8cf76/psygnal-0.11.1-cp38-cp38-manylinux_2_17_x86_64.manylinux2014_x86_64.whl", hash = "sha256:dc260f19349485bd58e276e731cf8be40d8891cc6ff1c165762bd2c1b84f1ff7", size = 699467 },
    { url = "https://files.pythonhosted.org/packages/22/76/b0d4f0eaadd0414755e91d8d744f8474519ee13926543dce969b9a5bba62/psygnal-0.11.1-cp38-cp38-musllinux_1_1_x86_64.whl", hash = "sha256:fe70023fe4cf8bb6a0f27e89fd8f1cf715893dfb004b790937a0bc59d9071aab", size = 696515 },
    { url = "https://files.pythonhosted.org/packages/05/bd/134c50dea67e1adf510e89c055bc69ea1e6487dd68af10840c9443a0988d/psygnal-0.11.1-cp39-cp39-macosx_10_16_arm64.whl", hash = "sha256:c9dde42a2cdf34f9c5fe0cd7515e2ab1524e3207afb37d096733c7a3dcdf388a", size = 433826 },
    { url = "https://files.pythonhosted.org/packages/b0/f8/db318ba1b1e1e31455e62b83fcf754a97d061ab59a3e1c11c612abe57e48/psygnal-0.11.1-cp39-cp39-macosx_10_16_x86_64.whl", hash = "sha256:c05f474b297e2577506b354132c3fed054f0444ccce6d431f299d3750c2ede4b", size = 462183 },
    { url = "https://files.pythonhosted.org/packages/bc/0e/8bfb65ad186f36a52b2bfe6193f37f3b792f548d1ccfa302b5859bd8c648/psygnal-0.11.1-cp39-cp39-manylinux_2_17_x86_64.manylinux2014_x86_64.whl", hash = "sha256:713dfb96a1315378ce9120376d975671ede3133de4985884a43d4b6b332faeee", size = 722929 },
    { url = "https://files.pythonhosted.org/packages/b5/e3/ae3b178f0c0f9528a9b957f302800d65ddc6fcd47f18724006de6414fa85/psygnal-0.11.1-cp39-cp39-musllinux_1_1_x86_64.whl", hash = "sha256:09c75d21eb090e2ffafb32893bc5d104b98ed237ed64bebccb45cca759c7dcf4", size = 700019 },
    { url = "https://files.pythonhosted.org/packages/68/76/d5c5bf5a932ec2dcdc4a23565815a1cc5fd96b03b26ff3f647cdff5ea62c/psygnal-0.11.1-py3-none-any.whl", hash = "sha256:04255fe28828060a80320f8fda937c47bc0c21ca14f55a13eb7c494b165ea395", size = 76998 },
]

[[package]]
name = "psygnal"
version = "0.13.0"
source = { registry = "https://pypi.org/simple" }
resolution-markers = [
    "python_full_version >= '3.11'",
    "python_full_version == '3.10.*'",
    "python_full_version == '3.9.*'",
]
sdist = { url = "https://files.pythonhosted.org/packages/23/aa/e1484b0d6f311d3adad8f09166ab56cfb16ed2986f8b1c9a28e5ca2e13ef/psygnal-0.13.0.tar.gz", hash = "sha256:086cd929960713d7bf1e87242952b0d90330a1028827894dcb0cd174b331c1e4", size = 107299 }
wheels = [
    { url = "https://files.pythonhosted.org/packages/9f/89/7bd08ec3eb5cb735243dd766b26a3b018fdf659bf640efa6d72bee922dab/psygnal-0.13.0-cp310-cp310-macosx_10_9_x86_64.whl", hash = "sha256:542da6d5eef000178364130d5631244fe2746ac55aca1401dda1f841e0983dab", size = 505175 },
    { url = "https://files.pythonhosted.org/packages/e0/1a/f17746df1ab39992c4263416fe880da528f76f776befdf7c7d9ddd51f351/psygnal-0.13.0-cp310-cp310-macosx_11_0_arm64.whl", hash = "sha256:04dc89f8f2d4d2027e1a47460c5b5bf1d52bface50414764eec3209d27c7796d", size = 473963 },
    { url = "https://files.pythonhosted.org/packages/a1/72/291b86b98a04b6850da74b414dddf1b8b0e3b1d6f49da91bd60dd107f528/psygnal-0.13.0-cp310-cp310-manylinux_2_17_x86_64.manylinux2014_x86_64.whl", hash = "sha256:48f378eed3cf0651fc6310bd42769d98b3cfb71a50ddb27d5a5aa2b4898825ce", size = 853898 },
    { url = "https://files.pythonhosted.org/packages/14/39/c3226d5885195b1e24bc5a258cfc477b3a015313863d1fd45cef52a222d2/psygnal-0.13.0-cp310-cp310-musllinux_1_2_x86_64.whl", hash = "sha256:19dbd71fb27baaab878ca8607524efc24ca0ae3190b3859b1c0de9422429cfe4", size = 840621 },
    { url = "https://files.pythonhosted.org/packages/fa/c1/fa1a5b491e2192b31e71918a949a1098d621a7ec619d0b1b79d01e8be000/psygnal-0.13.0-cp310-cp310-win_amd64.whl", hash = "sha256:05369b114e39ce4dff9f4dfa279bcb47f7a91f6c51b68e54b4ace42e48fe08ed", size = 406167 },
    { url = "https://files.pythonhosted.org/packages/4e/18/8effafa830203d8114c63074bb7c742c58fed3dd90bbec90a58cf44d652d/psygnal-0.13.0-cp311-cp311-macosx_10_9_x86_64.whl", hash = "sha256:62ca8ef35a915a368ca466121777cc79bdcc20e9e4e664102f13f743fdbe5f64", size = 498057 },
    { url = "https://files.pythonhosted.org/packages/d5/38/aa42027c80171005b417d45b38fdd3a3a8e785130f4713e6d2ef796550e0/psygnal-0.13.0-cp311-cp311-macosx_11_0_arm64.whl", hash = "sha256:964962c1f8bd021921f72989bdd9a03c533abee9beeeb3e826b025ed72473318", size = 465652 },
    { url = "https://files.pythonhosted.org/packages/5c/38/e78e16fcb7d719e949749861f3e35f76bafd31b0b5e5b4fd5ae076e940dc/psygnal-0.13.0-cp311-cp311-manylinux_2_17_x86_64.manylinux2014_x86_64.whl", hash = "sha256:5bcedff5bbffe0c6507398f1b5d0b839d36a87927b97d97754d50f8b42cc47e0", size = 842537 },
    { url = "https://files.pythonhosted.org/packages/3c/d5/aabaf0631bcf26f942392d5f73840980084dfbbddcd1a51b8231e0eb8ff5/psygnal-0.13.0-cp311-cp311-musllinux_1_2_x86_64.whl", hash = "sha256:226939f2674a7c8acc15328ff1fec4bc5b835b9faa8de588b4d4625af5fad33c", size = 827320 },
    { url = "https://files.pythonhosted.org/packages/fd/c4/66601e151fb9912d552daeac824021c1f1967d13ba15b3cd0e8cd5d64d4f/psygnal-0.13.0-cp311-cp311-win_amd64.whl", hash = "sha256:0402e02448ff064fd3a7df06342404b247c9440d8e81b3450d05cc9ecf835043", size = 411417 },
    { url = "https://files.pythonhosted.org/packages/46/40/5530b2a63b9912f9994534bedcaa3c8bf0682e9517f05e071ce96ec96005/psygnal-0.13.0-cp312-cp312-macosx_10_13_x86_64.whl", hash = "sha256:8759aac2b496627307b5a2144d21f3f709800cb176dba8bd4a2d04ebda055fc1", size = 508810 },
    { url = "https://files.pythonhosted.org/packages/ff/e6/75db7228852ec9ff31e4521d5a6d24d82dcf98ba521dfca3957a79284c5a/psygnal-0.13.0-cp312-cp312-macosx_11_0_arm64.whl", hash = "sha256:8ea258c2196ca4aa1097a3e4cf46212e94c57e3392d75845ccdfecea280d9f2b", size = 462899 },
    { url = "https://files.pythonhosted.org/packages/ae/5b/e9622a3b2f5461ba1d17cd8371387bf5708f652423421f03d3fb0c734f6c/psygnal-0.13.0-cp312-cp312-manylinux_2_17_x86_64.manylinux2014_x86_64.whl", hash = "sha256:c7b350f559b3189f32a2f786d16dd0669152a333524313c2f2b8a818c1687832", size = 869626 },
    { url = "https://files.pythonhosted.org/packages/75/1a/38d51d066550ab8bf880981387888ca6d9c4e4335e285e461fe2d5f0d524/psygnal-0.13.0-cp312-cp312-musllinux_1_2_x86_64.whl", hash = "sha256:bb9017b1ca24f788c971b9b5ec3b4d88ed441fbc7e5ae0896542c27c15bdc078", size = 863250 },
    { url = "https://files.pythonhosted.org/packages/00/b4/51e6e5c3ca2cf8c5a0cbc0769bfe70660543b2e909dc0516f69460e26533/psygnal-0.13.0-cp312-cp312-win_amd64.whl", hash = "sha256:749ac4d0db768728f8569b6e49ac5e926751ee77064b6a2096dbd2e637eb5b06", size = 415568 },
    { url = "https://files.pythonhosted.org/packages/74/bf/2dc3aeb32029b764877656f113a43993b6faa7b5514c04bcb7860fcd2a0c/psygnal-0.13.0-cp313-cp313-macosx_10_13_x86_64.whl", hash = "sha256:579653746e0a6f22e1fc2041c62110547ffcc71fbf78a555a93bce914689d7c0", size = 507751 },
    { url = "https://files.pythonhosted.org/packages/3b/78/ee53a192c5884fb240ba70aaba6c952da97166856c36c131a37240ac2f10/psygnal-0.13.0-cp313-cp313-macosx_11_0_arm64.whl", hash = "sha256:ffb04781db0fc11fc36805d64bcc4ac72b48111766f78f2e3bb286f0ec579587", size = 462782 },
    { url = "https://files.pythonhosted.org/packages/a4/e2/3757e1547782a9f5afb34fc8e1b3de90f87207fc3f64b486af02c25d8c04/psygnal-0.13.0-cp313-cp313-manylinux_2_17_x86_64.manylinux2014_x86_64.whl", hash = "sha256:313b53b2cac99ab35d7d72bf9d6f65235917c31cd8a49de9c455ab61d88eaf6f", size = 866975 },
    { url = "https://files.pythonhosted.org/packages/69/02/946820d5796c58d221e0bf90065e9b3979bd2ba3bdb3d4972c2e2582c578/psygnal-0.13.0-cp313-cp313-musllinux_1_2_x86_64.whl", hash = "sha256:28502286592431a66eedcbc25df3bd990b1ff5b56a923cf27776fc6003e6414d", size = 861217 },
    { url = "https://files.pythonhosted.org/packages/0d/48/b1e32de11849c140ba44a63dddd2ac7a9052d12977f25c51e68220229fc6/psygnal-0.13.0-cp313-cp313-win_amd64.whl", hash = "sha256:11c71df54bcb4c08220ac1a2e4712d7eda823951c6767a485f76f7ccea15f579", size = 416449 },
    { url = "https://files.pythonhosted.org/packages/d8/01/7b34459aa10fcb2ccc56debd4ff6a420c7150936bc9105908b193ccd49ac/psygnal-0.13.0-cp39-cp39-macosx_10_9_x86_64.whl", hash = "sha256:078f81fb7c1e2709c0d54c512aabbf4d2ba8ee1d24ba46e6b3ff7764285a7fbe", size = 505256 },
    { url = "https://files.pythonhosted.org/packages/00/88/52342670aeed4f8067931982ffd2d49d7fee21711d0326350241fc862709/psygnal-0.13.0-cp39-cp39-macosx_11_0_arm64.whl", hash = "sha256:9a6697c9c0a23c98cc8a8eb8d0f9adac774e0747b3a008aa476db0012d782100", size = 473963 },
    { url = "https://files.pythonhosted.org/packages/1f/99/59bfd0329e37fafe4f8d6a709e66201167e536a3e21d8927dd2c9c47db7c/psygnal-0.13.0-cp39-cp39-manylinux_2_17_x86_64.manylinux2014_x86_64.whl", hash = "sha256:7f3c6cef333cb4dfbbcb72a7f0eb5255719ce1f0526464a9802886b620e1f2fd", size = 850150 },
    { url = "https://files.pythonhosted.org/packages/b9/ea/a1a9808e7a06017cf06bd9a6498888840b6da32ebef0706e8fec0426613a/psygnal-0.13.0-cp39-cp39-musllinux_1_2_x86_64.whl", hash = "sha256:c4bb72725f8e63da7ed3bd4b6269cdf1feeb63973d88d993d471f0ec01d97b42", size = 837499 },
    { url = "https://files.pythonhosted.org/packages/48/5c/b7eb7c850b8567cef99b0ab9e8a59fc68b856f55f9a827f77a0b550937e2/psygnal-0.13.0-cp39-cp39-win_amd64.whl", hash = "sha256:641e48a3590cdc7828c648ca6ec8132740a036dd53f9e3e4fb311f7964d9350a", size = 406128 },
    { url = "https://files.pythonhosted.org/packages/77/0c/2c6287a3b85db24f81bcf2b32d14f7a0c57bfe538675efbf44a3c4733daf/psygnal-0.13.0-py3-none-any.whl", hash = "sha256:fb500bd5aaed9cee1123c3cd157747cd4ac2c9b023a6cb9c1b49c51215eedcfa", size = 80681 },
]

[[package]]
name = "ptyprocess"
version = "0.7.0"
source = { registry = "https://pypi.org/simple" }
sdist = { url = "https://files.pythonhosted.org/packages/20/e5/16ff212c1e452235a90aeb09066144d0c5a6a8c0834397e03f5224495c4e/ptyprocess-0.7.0.tar.gz", hash = "sha256:5c5d0a3b48ceee0b48485e0c26037c0acd7d29765ca3fbb5cb3831d347423220", size = 70762 }
wheels = [
    { url = "https://files.pythonhosted.org/packages/22/a6/858897256d0deac81a172289110f31629fc4cee19b6f01283303e18c8db3/ptyprocess-0.7.0-py2.py3-none-any.whl", hash = "sha256:4b41f3967fce3af57cc7e94b888626c18bf37a083e3651ca8feeb66d492fef35", size = 13993 },
]

[[package]]
name = "pure-eval"
version = "0.2.3"
source = { registry = "https://pypi.org/simple" }
sdist = { url = "https://files.pythonhosted.org/packages/cd/05/0a34433a064256a578f1783a10da6df098ceaa4a57bbeaa96a6c0352786b/pure_eval-0.2.3.tar.gz", hash = "sha256:5f4e983f40564c576c7c8635ae88db5956bb2229d7e9237d03b3c0b0190eaf42", size = 19752 }
wheels = [
    { url = "https://files.pythonhosted.org/packages/8e/37/efad0257dc6e593a18957422533ff0f87ede7c9c6ea010a2177d738fb82f/pure_eval-0.2.3-py3-none-any.whl", hash = "sha256:1db8e35b67b3d218d818ae653e27f06c3aa420901fa7b081ca98cbedc874e0d0", size = 11842 },
]

[[package]]
name = "pygments"
version = "2.19.1"
source = { registry = "https://pypi.org/simple" }
sdist = { url = "https://files.pythonhosted.org/packages/7c/2d/c3338d48ea6cc0feb8446d8e6937e1408088a72a39937982cc6111d17f84/pygments-2.19.1.tar.gz", hash = "sha256:61c16d2a8576dc0649d9f39e089b5f02bcd27fba10d8fb4dcc28173f7a45151f", size = 4968581 }
wheels = [
    { url = "https://files.pythonhosted.org/packages/8a/0b/9fcc47d19c48b59121088dd6da2488a49d5f72dacf8262e2790a1d2c7d15/pygments-2.19.1-py3-none-any.whl", hash = "sha256:9ea1544ad55cecf4b8242fab6dd35a93bbce657034b0611ee383099054ab6d8c", size = 1225293 },
]

[[package]]
name = "stack-data"
version = "0.6.3"
source = { registry = "https://pypi.org/simple" }
dependencies = [
    { name = "asttokens" },
    { name = "executing" },
    { name = "pure-eval" },
]
sdist = { url = "https://files.pythonhosted.org/packages/28/e3/55dcc2cfbc3ca9c29519eb6884dd1415ecb53b0e934862d3559ddcb7e20b/stack_data-0.6.3.tar.gz", hash = "sha256:836a778de4fec4dcd1dcd89ed8abff8a221f58308462e1c4aa2a3cf30148f0b9", size = 44707 }
wheels = [
    { url = "https://files.pythonhosted.org/packages/f1/7b/ce1eafaf1a76852e2ec9b22edecf1daa58175c090266e9f6c64afcd81d91/stack_data-0.6.3-py3-none-any.whl", hash = "sha256:d5558e0c25a4cb0853cddad3d77da9891a08cb85dd9f9f91b9f8cd66e511e695", size = 24521 },
]

[[package]]
name = "traitlets"
version = "5.14.3"
source = { registry = "https://pypi.org/simple" }
sdist = { url = "https://files.pythonhosted.org/packages/eb/79/72064e6a701c2183016abbbfedaba506d81e30e232a68c9f0d6f6fcd1574/traitlets-5.14.3.tar.gz", hash = "sha256:9ed0579d3502c94b4b3732ac120375cda96f923114522847de4b3bb98b96b6b7", size = 161621 }
wheels = [
    { url = "https://files.pythonhosted.org/packages/00/c0/8f5d070730d7836adc9c9b6408dec68c6ced86b304a9b26a14df072a6e8c/traitlets-5.14.3-py3-none-any.whl", hash = "sha256:b74e89e397b1ed28cc831db7aea759ba6640cb3de13090ca145426688ff1ac4f", size = 85359 },
]

[[package]]
name = "typing-extensions"
version = "4.13.2"
source = { registry = "https://pypi.org/simple" }
resolution-markers = [
    "python_full_version < '3.9'",
]
sdist = { url = "https://files.pythonhosted.org/packages/f6/37/23083fcd6e35492953e8d2aaaa68b860eb422b34627b13f2ce3eb6106061/typing_extensions-4.13.2.tar.gz", hash = "sha256:e6c81219bd689f51865d9e372991c540bda33a0379d5573cddb9a3a23f7caaef", size = 106967 }
wheels = [
    { url = "https://files.pythonhosted.org/packages/8b/54/b1ae86c0973cc6f0210b53d508ca3641fb6d0c56823f288d108bc7ab3cc8/typing_extensions-4.13.2-py3-none-any.whl", hash = "sha256:a439e7c04b49fec3e5d3e2beaa21755cadbbdc391694e28ccdd36ca4a1408f8c", size = 45806 },
]

[[package]]
name = "typing-extensions"
version = "4.14.0"
source = { registry = "https://pypi.org/simple" }
resolution-markers = [
    "python_full_version >= '3.11'",
    "python_full_version == '3.10.*'",
    "python_full_version == '3.9.*'",
]
sdist = { url = "https://files.pythonhosted.org/packages/d1/bc/51647cd02527e87d05cb083ccc402f93e441606ff1f01739a62c8ad09ba5/typing_extensions-4.14.0.tar.gz", hash = "sha256:8676b788e32f02ab42d9e7c61324048ae4c6d844a399eebace3d4979d75ceef4", size = 107423 }
wheels = [
    { url = "https://files.pythonhosted.org/packages/69/e0/552843e0d356fbb5256d21449fa957fa4eff3bbc135a74a691ee70c7c5da/typing_extensions-4.14.0-py3-none-any.whl", hash = "sha256:a1514509136dd0b477638fc68d6a91497af5076466ad0fa6c338e44e359944af", size = 43839 },
]

[[package]]
name = "wcwidth"
version = "0.2.13"
source = { registry = "https://pypi.org/simple" }
sdist = { url = "https://files.pythonhosted.org/packages/6c/63/53559446a878410fc5a5974feb13d31d78d752eb18aeba59c7fef1af7598/wcwidth-0.2.13.tar.gz", hash = "sha256:72ea0c06399eb286d978fdedb6923a9eb47e1c486ce63e9b4e64fc18303972b5", size = 101301 }
wheels = [
    { url = "https://files.pythonhosted.org/packages/fd/84/fd2ba7aafacbad3c4201d395674fc6348826569da3c0937e75505ead3528/wcwidth-0.2.13-py2.py3-none-any.whl", hash = "sha256:3da69048e4540d84af32131829ff948f1e022c1c6bdb8d6102117aac784f6859", size = 34166 },
]

[[package]]
name = "widgetsnbextension"
version = "4.0.14"
source = { registry = "https://pypi.org/simple" }
sdist = { url = "https://files.pythonhosted.org/packages/41/53/2e0253c5efd69c9656b1843892052a31c36d37ad42812b5da45c62191f7e/widgetsnbextension-4.0.14.tar.gz", hash = "sha256:a3629b04e3edb893212df862038c7232f62973373869db5084aed739b437b5af", size = 1097428 }
wheels = [
    { url = "https://files.pythonhosted.org/packages/ca/51/5447876806d1088a0f8f71e16542bf350918128d0a69437df26047c8e46f/widgetsnbextension-4.0.14-py3-none-any.whl", hash = "sha256:4875a9eaf72fbf5079dc372a51a9f268fc38d46f767cbf85c43a36da5cb9b575", size = 2196503 },
]
